
Microsoft Visual Studio Solution File, Format Version 12.00
# Visual Studio Version 17
VisualStudioVersion = 17.8.34330.188
MinimumVisualStudioVersion = 10.0.40219.1
Project("{FAE04EC0-301F-11D3-BF4B-00C04F79EFBC}") = "Basics.Tanlash bo'limi uchun 1-amaliy vazifa", "Basics.Tanlash bo'limi uchun 1-amaliy vazifa\Basics.Tanlash bo'limi uchun 1-amaliy vazifa.csproj", "{2D061D60-C393-41AC-9F9C-95F8562DDC1E}"
EndProject
Global
	GlobalSection(SolutionConfigurationPlatforms) = preSolution
		Debug|Any CPU = Debug|Any CPU
		Release|Any CPU = Release|Any CPU
	EndGlobalSection
	GlobalSection(ProjectConfigurationPlatforms) = postSolution
		{2D061D60-C393-41AC-9F9C-95F8562DDC1E}.Debug|Any CPU.ActiveCfg = Debug|Any CPU
		{2D061D60-C393-41AC-9F9C-95F8562DDC1E}.Debug|Any CPU.Build.0 = Debug|Any CPU
		{2D061D60-C393-41AC-9F9C-95F8562DDC1E}.Release|Any CPU.ActiveCfg = Release|Any CPU
		{2D061D60-C393-41AC-9F9C-95F8562DDC1E}.Release|Any CPU.Build.0 = Release|Any CPU
	EndGlobalSection
	GlobalSection(SolutionProperties) = preSolution
		HideSolutionNode = FALSE
	EndGlobalSection
	GlobalSection(ExtensibilityGlobals) = postSolution
		SolutionGuid = {12EFB601-85D5-41E5-ACEC-B6A5C3084E45}
	EndGlobalSection
EndGlobal
